# THIS IS AN AUTOGENERATED FILE. DO NOT EDIT THIS FILE DIRECTLY.
# yarn lockfile v1


flex-exec@^1.0.0:
  version "1.0.0"
  resolved "https://registry.yarnpkg.com/flex-exec/-/flex-exec-1.0.0.tgz#06974b68532839d2a12c32debcdb12378200fdf0"
  integrity sha1-BpdLaFMoOdKhLDLevNsSN4IA/fA=

gift@^0.10.2:
  version "0.10.2"
  resolved "https://registry.yarnpkg.com/gift/-/gift-0.10.2.tgz#4600efe8f284b51fcb01c3527b321e22b494e156"
  integrity sha512-wC9aKnQpjfOTWX+JG4DPJkS89ux6sl8EN4hXhv/2vBoXCDTEz1JiTeGTSeuKYlCqIgUFM1JwPVym34Sys3hvzw==
  dependencies:
    flex-exec "^1.0.0"
    underscore "^1.8.3"

graceful-fs@^4.2.4:
  version "4.2.4"
  resolved "https://registry.yarnpkg.com/graceful-fs/-/graceful-fs-4.2.4.tgz#2256bde14d3632958c465ebc96dc467ca07a29fb"
  integrity sha512-WjKPNJF79dtJAVniUlGGWHYGz2jWxT6VhN/4m1NdkbZ2nOsEF+cI1Edgql5zCRhs/VsQYRvrXctxktVXZUkixw==

underscore@^1.8.3:
  version "1.13.1"
  resolved "https://registry.yarnpkg.com/underscore/-/underscore-1.13.1.tgz#0c1c6bd2df54b6b69f2314066d65b6cde6fcf9d1"
  integrity sha512-hzSoAVtJF+3ZtiFX0VgfFPHEDRm7Y/QPjGyNo4TVdnDTdft3tr8hEkD25a1jC+TjTuE7tkHGKkhwCgs9dgBB2g==
